
Microsoft Visual Studio Solution File, Format Version 12.00
# Visual Studio 15
VisualStudioVersion = 15.0.28307.329
MinimumVisualStudioVersion = 10.0.40219.1
Project("{FAE04EC0-301F-11D3-BF4B-00C04F79EFBC}") = "PooVueling", "PooVueling\PooVueling.csproj", "{78C8B259-E1FF-41DF-A74A-01D597DBB3E2}"
EndProject
Project("{2150E333-8FDC-42A3-9474-1A3956D46DE8}") = "PresentationTier", "PresentationTier", "{B4DB7355-A15D-457F-A368-750D5AD037CB}"
EndProject
Project("{FAE04EC0-301F-11D3-BF4B-00C04F79EFBC}") = "PooVuelingIntegrationTests", "PooVuelingIntegrationTests\PooVuelingIntegrationTests.csproj", "{5649D203-408E-48FF-B8BB-F8599BFC521A}"
EndProject
Project("{FAE04EC0-301F-11D3-BF4B-00C04F79EFBC}") = "PooVueling.NunitV.Integration.Test", "PooVueling.NunitV.Integration.Test\PooVueling.NunitV.Integration.Test.csproj", "{8C6C0975-31AB-47CA-8A01-CF9A973D4289}"
EndProject
Project("{FAE04EC0-301F-11D3-BF4B-00C04F79EFBC}") = "PooVueling.Unit.Tests", "PooVueling.Unit.Tests\PooVueling.Unit.Tests.csproj", "{811691CB-75F7-49AA-94D9-F0CC07B17666}"
EndProject
Project("{FAE04EC0-301F-11D3-BF4B-00C04F79EFBC}") = "VuelingPoo.Behaviour.Tests", "SpecFlowUnitTest\VuelingPoo.Behaviour.Tests.csproj", "{FF6FA64B-D507-419B-8B11-86679ABF89CD}"
EndProject
Global
	GlobalSection(SolutionConfigurationPlatforms) = preSolution
		Debug|Any CPU = Debug|Any CPU
		Release|Any CPU = Release|Any CPU
	EndGlobalSection
	GlobalSection(ProjectConfigurationPlatforms) = postSolution
		{78C8B259-E1FF-41DF-A74A-01D597DBB3E2}.Debug|Any CPU.ActiveCfg = Debug|Any CPU
		{78C8B259-E1FF-41DF-A74A-01D597DBB3E2}.Debug|Any CPU.Build.0 = Debug|Any CPU
		{78C8B259-E1FF-41DF-A74A-01D597DBB3E2}.Release|Any CPU.ActiveCfg = Release|Any CPU
		{78C8B259-E1FF-41DF-A74A-01D597DBB3E2}.Release|Any CPU.Build.0 = Release|Any CPU
		{5649D203-408E-48FF-B8BB-F8599BFC521A}.Debug|Any CPU.ActiveCfg = Debug|Any CPU
		{5649D203-408E-48FF-B8BB-F8599BFC521A}.Debug|Any CPU.Build.0 = Debug|Any CPU
		{5649D203-408E-48FF-B8BB-F8599BFC521A}.Release|Any CPU.ActiveCfg = Release|Any CPU
		{5649D203-408E-48FF-B8BB-F8599BFC521A}.Release|Any CPU.Build.0 = Release|Any CPU
		{8C6C0975-31AB-47CA-8A01-CF9A973D4289}.Debug|Any CPU.ActiveCfg = Debug|Any CPU
		{8C6C0975-31AB-47CA-8A01-CF9A973D4289}.Debug|Any CPU.Build.0 = Debug|Any CPU
		{8C6C0975-31AB-47CA-8A01-CF9A973D4289}.Release|Any CPU.ActiveCfg = Release|Any CPU
		{8C6C0975-31AB-47CA-8A01-CF9A973D4289}.Release|Any CPU.Build.0 = Release|Any CPU
		{811691CB-75F7-49AA-94D9-F0CC07B17666}.Debug|Any CPU.ActiveCfg = Debug|Any CPU
		{811691CB-75F7-49AA-94D9-F0CC07B17666}.Debug|Any CPU.Build.0 = Debug|Any CPU
		{811691CB-75F7-49AA-94D9-F0CC07B17666}.Release|Any CPU.ActiveCfg = Release|Any CPU
		{811691CB-75F7-49AA-94D9-F0CC07B17666}.Release|Any CPU.Build.0 = Release|Any CPU
		{FF6FA64B-D507-419B-8B11-86679ABF89CD}.Debug|Any CPU.ActiveCfg = Debug|Any CPU
		{FF6FA64B-D507-419B-8B11-86679ABF89CD}.Debug|Any CPU.Build.0 = Debug|Any CPU
		{FF6FA64B-D507-419B-8B11-86679ABF89CD}.Release|Any CPU.ActiveCfg = Release|Any CPU
		{FF6FA64B-D507-419B-8B11-86679ABF89CD}.Release|Any CPU.Build.0 = Release|Any CPU
	EndGlobalSection
	GlobalSection(SolutionProperties) = preSolution
		HideSolutionNode = FALSE
	EndGlobalSection
	GlobalSection(NestedProjects) = preSolution
		{78C8B259-E1FF-41DF-A74A-01D597DBB3E2} = {B4DB7355-A15D-457F-A368-750D5AD037CB}
		{8C6C0975-31AB-47CA-8A01-CF9A973D4289} = {B4DB7355-A15D-457F-A368-750D5AD037CB}
	EndGlobalSection
	GlobalSection(ExtensibilityGlobals) = postSolution
		SolutionGuid = {D5C0A979-1336-42B4-B7AE-5493A0235512}
	EndGlobalSection
EndGlobal
